version: 1
workers:
  console:
    version: 0.1.5
    type: binary
    dependencies: {}
    source:
      kind: binary
      artifacts:
        aarch64-apple-darwin:
          url: https://github.com/iii-hq/workers/releases/download/console/v0.1.5/console-aarch64-apple-darwin.tar.gz
          sha256: 2586a1168f33a03f1977de1d827af755c8d4c72719565f018ed9ce1ab22e71b6
        aarch64-pc-windows-msvc:
          url: https://github.com/iii-hq/workers/releases/download/console/v0.1.5/console-aarch64-pc-windows-msvc.zip
          sha256: be90c47339cc459d2f387f5410e85ed1e78321536ebd14508a6db286b197e05a
        aarch64-unknown-linux-gnu:
          url: https://github.com/iii-hq/workers/releases/download/console/v0.1.5/console-aarch64-unknown-linux-gnu.tar.gz
          sha256: 5be9ea1a849b3e58b9bf02d30bdfa1fd3be800896c9ec919770bf5bbb5eb361b
        armv7-unknown-linux-gnueabihf:
          url: https://github.com/iii-hq/workers/releases/download/console/v0.1.5/console-armv7-unknown-linux-gnueabihf.tar.gz
          sha256: 1cfa5d39ae34cca89b59a84f4408a1c53cd2e879653014f6c6e1b2cb9786b0f4
        i686-pc-windows-msvc:
          url: https://github.com/iii-hq/workers/releases/download/console/v0.1.5/console-i686-pc-windows-msvc.zip
          sha256: ae5c76dc323f97e5e511b7c1b70352d1c93897861ca3f6da3a52f8ddac534bc1
        x86_64-apple-darwin:
          url: https://github.com/iii-hq/workers/releases/download/console/v0.1.5/console-x86_64-apple-darwin.tar.gz
          sha256: a69a57122006cabaa27e684407212653d06eb53155de2242514604f7faddc76b
        x86_64-pc-windows-msvc:
          url: https://github.com/iii-hq/workers/releases/download/console/v0.1.5/console-x86_64-pc-windows-msvc.zip
          sha256: b1a9508a7e31e45eb4f58bfabae684bfa5b7cf749215c0ada7e629d2a988d962
        x86_64-unknown-linux-gnu:
          url: https://github.com/iii-hq/workers/releases/download/console/v0.1.5/console-x86_64-unknown-linux-gnu.tar.gz
          sha256: 6701f0fd0571a82acbec614b47c48ae45752dc2d7a6be3f6cd2cce064ee26169
        x86_64-unknown-linux-musl:
          url: https://github.com/iii-hq/workers/releases/download/console/v0.1.5/console-x86_64-unknown-linux-musl.tar.gz
          sha256: 2bea455df913e911bdb00606b9d168447576d3cf82efe223f9f36af4c1b7e7df
  iii-http:
    version: 0.13.0
    type: engine
    dependencies: {}
